PODS:
  - CryptoSwift (1.4.0)
  - DateTools (2.0.0)
  - DateToolsSwift (5.0.0)
  - Kingfisher (6.3.0)
  - libwebp (1.2.0):
    - libwebp/demux (= 1.2.0)
    - libwebp/mux (= 1.2.0)
    - libwebp/webp (= 1.2.0)
  - libwebp/demux (1.2.0):
    - libwebp/webp
  - libwebp/mux (1.2.0):
    - libwebp/demux
  - libwebp/webp (1.2.0)
  - lottie-ios (3.2.3)
  - Masonry (1.1.0)
  - MJExtension (3.3.0)
  - SDWebImage (5.11.1):
    - SDWebImage/Core (= 5.11.1)
  - SDWebImage/Core (5.11.1)
  - SDWebImageWebPCoder (0.8.4):
    - libwebp (~> 1.0)
    - SDWebImage/Core (~> 5.10)
  - SnapKit (5.0.1)
  - SwiftyJSON (5.0.1)
  - TZImagePickerController (3.6.0)

DEPENDENCIES:
  - CryptoSwift
  - DateTools
  - DateToolsSwift
  - Kingfisher
  - lottie-ios
  - Masonry
  - MJExtension
  - SDWebImage
  - SDWebImageWebPCoder
  - SnapKit
  - SwiftyJSON
  - TZImagePickerController

SPEC REPOS:
  https://gitee.com/mirrors/CocoaPods-Specs:
    - CryptoSwift
    - DateTools
    - DateToolsSwift
    - Kingfisher
    - libwebp
    - lottie-ios
    - Masonry
    - MJExtension
    - SDWebImage
    - SDWebImageWebPCoder
    - SnapKit
    - SwiftyJSON
    - TZImagePickerController

SPEC CHECKSUMS:
  CryptoSwift: 7cc902df1784de3b389a387756c7d710f197730c
  DateTools: 933ac9c490f21f92127cf690ccd8c397e0126caf
  DateToolsSwift: 4207ada6ad615d8dc076323d27037c94916dbfa6
  Kingfisher: 6c3df386db71d82c0817a429d2c9421a77396529
  libwebp: e90b9c01d99205d03b6bb8f2c8c415e5a4ef66f0
  lottie-ios: c058aeafa76daa4cf64d773554bccc8385d0150e
  Masonry: 678fab65091a9290e40e2832a55e7ab731aad201
  MJExtension: 01704cca2b60a214c10761b6491eab74069d68a9
  SDWebImage: a7f831e1a65eb5e285e3fb046a23fcfbf08e696d
  SDWebImageWebPCoder: f93010f3f6c031e2f8fb3081ca4ee6966c539815
  SnapKit: 97b92857e3df3a0c71833cce143274bf6ef8e5eb
  SwiftyJSON: 2f33a42c6fbc52764d96f13368585094bfd8aa5e
  TZImagePickerController: a37d7eec87c54436e896a67947033ad2178d498b

PODFILE CHECKSUM: 66e860dbf219c2929577ee4358c50fab87e73c05

COCOAPODS: 1.10.1
